{
    "hash": "e6eb4f99491d9d6de91d4f702e858e8f",
    "packages": [
        {
            "name": "vendor/package-name",
            "version": "1.0.0",
            "source": {
                "type": "git",
                "url": "https://github.com/vendor/package-name.git",
                "reference": "d0caba26894dc7c0cf5857efed8ef0f9ecaf15bf"
            }
        },
        {
            "name": "another-vendor/another-package",
            "version": "2.1.3",
            "source": {
                "type": "git",
                "url": "https://github.com/another-vendor/another-package.git",
                "reference": "17b4cb7d68f877e8b2be8a3e23b2c1a24a00d5c8"
            }
        }
        // Add more dependencies as needed
    ],
    "packages-dev": [],
    "aliases": [],
    "minimum-stability": "stable",
    "stability-flags": [],
    "prefer-stable": false,
    "prefer-lowest": false,
    "platform": {
        "php": ">=7.2.0"
    },
    "platform-dev": []
}
